
Microsoft Visual Studio Solution File, Format Version 12.00
# Visual Studio 2017
Project("{FAE04EC0-301F-11D3-BF4B-00C04F79EFBC}") = "Final-Year-Project", "Final-Year-Project.csproj", "{B0CF13E4-E9CC-6012-9C4D-A1A2976F141B}"
EndProject
Global
	GlobalSection(SolutionConfigurationPlatforms) = preSolution
		Debug|Any CPU = Debug|Any CPU
		Release|Any CPU = Release|Any CPU
	EndGlobalSection
	GlobalSection(ProjectConfigurationPlatforms) = postSolution
		{B0CF13E4-E9CC-6012-9C4D-A1A2976F141B}.Debug|Any CPU.ActiveCfg = Debug|Any CPU
		{B0CF13E4-E9CC-6012-9C4D-A1A2976F141B}.Debug|Any CPU.Build.0 = Debug|Any CPU
		{B0CF13E4-E9CC-6012-9C4D-A1A2976F141B}.Release|Any CPU.ActiveCfg = Release|Any CPU
		{B0CF13E4-E9CC-6012-9C4D-A1A2976F141B}.Release|Any CPU.Build.0 = Release|Any CPU
	EndGlobalSection
	GlobalSection(SolutionProperties) = preSolution
		HideSolutionNode = FALSE
	EndGlobalSection
EndGlobal
